
Microsoft Visual Studio Solution File, Format Version 12.00
# Visual Studio Version 17
VisualStudioVersion = 17.5.002.0
MinimumVisualStudioVersion = 10.0.40219.1
Project("{2150E333-8FDC-42A3-9474-1A3956D46DE8}") = "services", "services", "{6C3D1CE0-0F8B-4F68-96EB-3A2175298093}"
EndProject
Project("{9A19103F-16F7-4668-BE54-9A1E7A4F7556}") = "OrderService", "services\OrderService\OrderService.csproj", "{CD836BED-67EB-42D2-B8AE-73BFA9ED64A9}"
EndProject
Global
	GlobalSection(SolutionConfigurationPlatforms) = preSolution
		Debug|Any CPU = Debug|Any CPU
		Release|Any CPU = Release|Any CPU
	EndGlobalSection
	GlobalSection(ProjectConfigurationPlatforms) = postSolution
		{CD836BED-67EB-42D2-B8AE-73BFA9ED64A9}.Debug|Any CPU.ActiveCfg = Debug|Any CPU
		{CD836BED-67EB-42D2-B8AE-73BFA9ED64A9}.Debug|Any CPU.Build.0 = Debug|Any CPU
		{CD836BED-67EB-42D2-B8AE-73BFA9ED64A9}.Release|Any CPU.ActiveCfg = Release|Any CPU
		{CD836BED-67EB-42D2-B8AE-73BFA9ED64A9}.Release|Any CPU.Build.0 = Release|Any CPU
	EndGlobalSection
	GlobalSection(SolutionProperties) = preSolution
		HideSolutionNode = FALSE
	EndGlobalSection
	GlobalSection(NestedProjects) = preSolution
		{CD836BED-67EB-42D2-B8AE-73BFA9ED64A9} = {6C3D1CE0-0F8B-4F68-96EB-3A2175298093}
	EndGlobalSection
	GlobalSection(ExtensibilityGlobals) = postSolution
		SolutionGuid = {0DC04594-28FC-42B4-ADF4-76F0E6AD6904}
	EndGlobalSection
EndGlobal
